
Microsoft Visual Studio Solution File, Format Version 12.00
Project("{FAE04EC0-301F-11D3-BF4B-00C04F79EFBC}") = "WebApplication1", "WebApplication1\WebApplication1.csproj", "{7CF0ABCF-832E-430F-83F6-8BF3B5A05656}"
EndProject
Project("{FAE04EC0-301F-11D3-BF4B-00C04F79EFBC}") = "TestProject1", "TestProject1\TestProject1.csproj", "{FFE86CC6-6A4C-45E1-939B-55CDCD9EEB85}"
EndProject
Global
	GlobalSection(SolutionConfigurationPlatforms) = preSolution
		Debug|Any CPU = Debug|Any CPU
		Release|Any CPU = Release|Any CPU
	EndGlobalSection
	GlobalSection(ProjectConfigurationPlatforms) = postSolution
		{7CF0ABCF-832E-430F-83F6-8BF3B5A05656}.Debug|Any CPU.ActiveCfg = Debug|Any CPU
		{7CF0ABCF-832E-430F-83F6-8BF3B5A05656}.Debug|Any CPU.Build.0 = Debug|Any CPU
		{7CF0ABCF-832E-430F-83F6-8BF3B5A05656}.Release|Any CPU.ActiveCfg = Release|Any CPU
		{7CF0ABCF-832E-430F-83F6-8BF3B5A05656}.Release|Any CPU.Build.0 = Release|Any CPU
		{FFE86CC6-6A4C-45E1-939B-55CDCD9EEB85}.Debug|Any CPU.ActiveCfg = Debug|Any CPU
		{FFE86CC6-6A4C-45E1-939B-55CDCD9EEB85}.Debug|Any CPU.Build.0 = Debug|Any CPU
		{FFE86CC6-6A4C-45E1-939B-55CDCD9EEB85}.Release|Any CPU.ActiveCfg = Release|Any CPU
		{FFE86CC6-6A4C-45E1-939B-55CDCD9EEB85}.Release|Any CPU.Build.0 = Release|Any CPU
	EndGlobalSection
EndGlobal
